
Microsoft Visual Studio Solution File, Format Version 11.00
# Visual Studio 2010
Project("{FAE04EC0-301F-11D3-BF4B-00C04F79EFBC}") = "Interferometer", "sources\Interferometer\Interferometer.csproj", "{F9E64B65-B970-4308-B3AC-1D43287225B7}"
EndProject
Project("{FAE04EC0-301F-11D3-BF4B-00C04F79EFBC}") = "InterferometerKernel", "sources\InterferometerKernel\InterferometerKernel.csproj", "{FE3C1477-4847-4D29-8960-CF2AA08717EF}"
EndProject
Global
	GlobalSection(SolutionConfigurationPlatforms) = preSolution
		Debug|Any CPU = Debug|Any CPU
		Release|Any CPU = Release|Any CPU
	EndGlobalSection
	GlobalSection(ProjectConfigurationPlatforms) = postSolution
		{F9E64B65-B970-4308-B3AC-1D43287225B7}.Debug|Any CPU.ActiveCfg = Debug|Any CPU
		{F9E64B65-B970-4308-B3AC-1D43287225B7}.Debug|Any CPU.Build.0 = Debug|Any CPU
		{F9E64B65-B970-4308-B3AC-1D43287225B7}.Release|Any CPU.ActiveCfg = Release|Any CPU
		{F9E64B65-B970-4308-B3AC-1D43287225B7}.Release|Any CPU.Build.0 = Release|Any CPU
		{FE3C1477-4847-4D29-8960-CF2AA08717EF}.Debug|Any CPU.ActiveCfg = Debug|Any CPU
		{FE3C1477-4847-4D29-8960-CF2AA08717EF}.Debug|Any CPU.Build.0 = Debug|Any CPU
		{FE3C1477-4847-4D29-8960-CF2AA08717EF}.Release|Any CPU.ActiveCfg = Release|Any CPU
		{FE3C1477-4847-4D29-8960-CF2AA08717EF}.Release|Any CPU.Build.0 = Release|Any CPU
	EndGlobalSection
	GlobalSection(SolutionProperties) = preSolution
		HideSolutionNode = FALSE
	EndGlobalSection
EndGlobal
